// !$*UTF8*$!
{
	archiveVersion = 1;
	classes = {
	};
	objectVersion = 46;
	objects = {

/* Begin PBXBuildFile section */
		ABACC1146976322FAA0189A2 /* libPods-KHAwesomeImage.a in Frameworks */ = {isa = PBXBuildFile; fileRef = 88BA3E7E96EC95855D524BFE /* libPods-KHAwesomeImage.a */; };
		B44CFD9619E9237B00DFDC6C /* KHMainViewController.m in Sources */ = {isa = PBXBuildFile; fileRef = B44CFD9519E9237B00DFDC6C /* KHMainViewController.m */; };
		B44CFD9819E9260700DFDC6C /* Popular.storyboard in Resources */ = {isa = PBXBuildFile; fileRef = B44CFD9719E9260700DFDC6C /* Popular.storyboard */; };
		B452A44219E97729007F858A /* FreshToday.storyboard in Resources */ = {isa = PBXBuildFile; fileRef = B452A44119E97729007F858A /* FreshToday.storyboard */; };
		B452A44519E97764007F858A /* KHFreshTodayImagesViewController.m in Sources */ = {isa = PBXBuildFile; fileRef = B452A44419E97764007F858A /* KHFreshTodayImagesViewController.m */; };
		B452A44819E97C7F007F858A /* KHContentLoadingFreshTodayViewModel.m in Sources */ = {isa = PBXBuildFile; fileRef = B452A44719E97C7F007F858A /* KHContentLoadingFreshTodayViewModel.m */; };
		B452A44B19E980AB007F858A /* KHLoadingFreshTodayOperation.m in Sources */ = {isa = PBXBuildFile; fileRef = B452A44A19E980AB007F858A /* KHLoadingFreshTodayOperation.m */; };
		B452A44E19E986F2007F858A /* KHFreshTodayCellFactory.m in Sources */ = {isa = PBXBuildFile; fileRef = B452A44D19E986F2007F858A /* KHFreshTodayCellFactory.m */; };
		B452A45119E988F1007F858A /* KHOrderedDataProvider.m in Sources */ = {isa = PBXBuildFile; fileRef = B452A45019E988F1007F858A /* KHOrderedDataProvider.m */; };
		B45D6F0019E501E900BDB1F8 /* main.m in Sources */ = {isa = PBXBuildFile; fileRef = B45D6EFF19E501E900BDB1F8 /* main.m */; };
		B45D6F0319E501E900BDB1F8 /* AppDelegate.m in Sources */ = {isa = PBXBuildFile; fileRef = B45D6F0219E501E900BDB1F8 /* AppDelegate.m */; };
		B45D6F0619E501E900BDB1F8 /* ViewController.m in Sources */ = {isa = PBXBuildFile; fileRef = B45D6F0519E501E900BDB1F8 /* ViewController.m */; };
		B45D6F0919E501E900BDB1F8 /* Main.storyboard in Resources */ = {isa = PBXBuildFile; fileRef = B45D6F0719E501E900BDB1F8 /* Main.storyboard */; };
		B45D6F0B19E501E900BDB1F8 /* Images.xcassets in Resources */ = {isa = PBXBuildFile; fileRef = B45D6F0A19E501E900BDB1F8 /* Images.xcassets */; };
		B45D6F0E19E501E900BDB1F8 /* LaunchScreen.xib in Resources */ = {isa = PBXBuildFile; fileRef = B45D6F0C19E501E900BDB1F8 /* LaunchScreen.xib */; };
		B45D6F1A19E501EA00BDB1F8 /* KHAwesomeImageTests.m in Sources */ = {isa = PBXBuildFile; fileRef = B45D6F1919E501EA00BDB1F8 /* KHAwesomeImageTests.m */; };
		B45D6F5719E50F0900BDB1F8 /* KHImageTableViewCell.m in Sources */ = {isa = PBXBuildFile; fileRef = B45D6F3119E50F0900BDB1F8 /* KHImageTableViewCell.m */; };
		B45D6F5819E50F0900BDB1F8 /* KHImageTableViewCell.xib in Resources */ = {isa = PBXBuildFile; fileRef = B45D6F3219E50F0900BDB1F8 /* KHImageTableViewCell.xib */; };
		B45D6F5919E50F0900BDB1F8 /* KHLoadMoreTableViewCell.m in Sources */ = {isa = PBXBuildFile; fileRef = B45D6F3419E50F0900BDB1F8 /* KHLoadMoreTableViewCell.m */; };
		B45D6F5A19E50F0900BDB1F8 /* KHLoadMoreTableViewCell.xib in Resources */ = {isa = PBXBuildFile; fileRef = B45D6F3519E50F0900BDB1F8 /* KHLoadMoreTableViewCell.xib */; };
		B45D6F5B19E50F0900BDB1F8 /* TableController.m in Sources */ = {isa = PBXBuildFile; fileRef = B45D6F3819E50F0900BDB1F8 /* TableController.m */; };
		B45D6F5C19E50F0900BDB1F8 /* CellFactory1.m in Sources */ = {isa = PBXBuildFile; fileRef = B45D6F3B19E50F0900BDB1F8 /* CellFactory1.m */; };
		B45D6F5D19E50F0900BDB1F8 /* BasicTableViewModel.m in Sources */ = {isa = PBXBuildFile; fileRef = B45D6F4019E50F0900BDB1F8 /* BasicTableViewModel.m */; };
		B45D6F5E19E50F0900BDB1F8 /* KHBasicSectionModel.m in Sources */ = {isa = PBXBuildFile; fileRef = B45D6F4619E50F0900BDB1F8 /* KHBasicSectionModel.m */; };
		B45D6F5F19E50F0900BDB1F8 /* KHImageSectionModel.m in Sources */ = {isa = PBXBuildFile; fileRef = B45D6F4819E50F0900BDB1F8 /* KHImageSectionModel.m */; };
		B45D6F6019E50F0900BDB1F8 /* KHLoadMoreSection.m in Sources */ = {isa = PBXBuildFile; fileRef = B45D6F4A19E50F0900BDB1F8 /* KHLoadMoreSection.m */; };
		B45D6F6119E50F0900BDB1F8 /* DataLoadingOperation.m in Sources */ = {isa = PBXBuildFile; fileRef = B45D6F4F19E50F0900BDB1F8 /* DataLoadingOperation.m */; };
		B45D6F6219E50F0900BDB1F8 /* DataProvider.m in Sources */ = {isa = PBXBuildFile; fileRef = B45D6F5119E50F0900BDB1F8 /* DataProvider.m */; };
		B45D6F6319E50F0900BDB1F8 /* KHLoadingPopularOperation.m in Sources */ = {isa = PBXBuildFile; fileRef = B45D6F5419E50F0900BDB1F8 /* KHLoadingPopularOperation.m */; };
		B45D6F6419E50F0900BDB1F8 /* KHPopularImagesViewModel.m in Sources */ = {isa = PBXBuildFile; fileRef = B45D6F5619E50F0900BDB1F8 /* KHPopularImagesViewModel.m */; };
		B4BB5E9219E7949800910164 /* KHLoadingContentTableViewCell.m in Sources */ = {isa = PBXBuildFile; fileRef = B4BB5E9019E7949800910164 /* KHLoadingContentTableViewCell.m */; };
		B4BB5E9319E7949800910164 /* KHLoadingContentTableViewCell.xib in Resources */ = {isa = PBXBuildFile; fileRef = B4BB5E9119E7949800910164 /* KHLoadingContentTableViewCell.xib */; };
		B4BB5E9619E79AFB00910164 /* ContentLoadingPopularViewModel.m in Sources */ = {isa = PBXBuildFile; fileRef = B4BB5E9519E79AFB00910164 /* ContentLoadingPopularViewModel.m */; };
		B4BB5E9F19E7A51B00910164 /* KHLoadingContentErrorTableViewCell.m in Sources */ = {isa = PBXBuildFile; fileRef = B4BB5E9D19E7A51B00910164 /* KHLoadingContentErrorTableViewCell.m */; };
		B4BB5EA019E7A51B00910164 /* KHLoadingContentErrorTableViewCell.xib in Resources */ = {isa = PBXBuildFile; fileRef = B4BB5E9E19E7A51B00910164 /* KHLoadingContentErrorTableViewCell.xib */; };
		B4BB5EA319E7A66F00910164 /* KHLoadingContentErrorViewModel.m in Sources */ = {isa = PBXBuildFile; fileRef = B4BB5EA219E7A66F00910164 /* KHLoadingContentErrorViewModel.m */; };
/* End PBXBuildFile section */

/* Begin PBXContainerItemProxy section */
		B45D6F1419E501EA00BDB1F8 /* PBXContainerItemProxy */ = {
			isa = PBXContainerItemProxy;
			containerPortal = B45D6EF219E501E900BDB1F8 /* Project object */;
			proxyType = 1;
			remoteGlobalIDString = B45D6EF919E501E900BDB1F8;
			remoteInfo = KHAwesomeImage;
		};
/* End PBXContainerItemProxy section */

/* Begin PBXFileReference section */
		64E18B0A4BA00181B98C4D72 /* Pods-KHAwesomeImage.release.xcconfig */ = {isa = PBXFileReference; includeInIndex = 1; lastKnownFileType = text.xcconfig; name = "Pods-KHAwesomeImage.release.xcconfig"; path = "Pods/Target Support Files/Pods-KHAwesomeImage/Pods-KHAwesomeImage.release.xcconfig"; sourceTree = "<group>"; };
		88BA3E7E96EC95855D524BFE /* libPods-KHAwesomeImage.a */ = {isa = PBXFileReference; explicitFileType = archive.ar; includeInIndex = 0; path = "libPods-KHAwesomeImage.a"; sourceTree = BUILT_PRODUCTS_DIR; };
		B44CFD9419E9237B00DFDC6C /* KHMainViewController.h */ = {isa = PBXFileReference; fileEncoding = 4; lastKnownFileType = sourcecode.c.h; path = KHMainViewController.h; sourceTree = "<group>"; };
		B44CFD9519E9237B00DFDC6C /* KHMainViewController.m */ = {isa = PBXFileReference; fileEncoding = 4; lastKnownFileType = sourcecode.c.objc; path = KHMainViewController.m; sourceTree = "<group>"; };
		B44CFD9719E9260700DFDC6C /* Popular.storyboard */ = {isa = PBXFileReference; fileEncoding = 4; lastKnownFileType = file.storyboard; path = Popular.storyboard; sourceTree = "<group>"; };
		B452A44119E97729007F858A /* FreshToday.storyboard */ = {isa = PBXFileReference; fileEncoding = 4; lastKnownFileType = file.storyboard; path = FreshToday.storyboard; sourceTree = "<group>"; };
		B452A44319E97764007F858A /* KHFreshTodayImagesViewController.h */ = {isa = PBXFileReference; fileEncoding = 4; lastKnownFileType = sourcecode.c.h; path = KHFreshTodayImagesViewController.h; sourceTree = "<group>"; };
		B452A44419E97764007F858A /* KHFreshTodayImagesViewController.m */ = {isa = PBXFileReference; fileEncoding = 4; lastKnownFileType = sourcecode.c.objc; path = KHFreshTodayImagesViewController.m; sourceTree = "<group>"; };
		B452A44619E97C7F007F858A /* KHContentLoadingFreshTodayViewModel.h */ = {isa = PBXFileReference; fileEncoding = 4; lastKnownFileType = sourcecode.c.h; path = KHContentLoadingFreshTodayViewModel.h; sourceTree = "<group>"; };
		B452A44719E97C7F007F858A /* KHContentLoadingFreshTodayViewModel.m */ = {isa = PBXFileReference; fileEncoding = 4; lastKnownFileType = sourcecode.c.objc; path = KHContentLoadingFreshTodayViewModel.m; sourceTree = "<group>"; };
		B452A44919E980AB007F858A /* KHLoadingFreshTodayOperation.h */ = {isa = PBXFileReference; fileEncoding = 4; lastKnownFileType = sourcecode.c.h; path = KHLoadingFreshTodayOperation.h; sourceTree = "<group>"; };
		B452A44A19E980AB007F858A /* KHLoadingFreshTodayOperation.m */ = {isa = PBXFileReference; fileEncoding = 4; lastKnownFileType = sourcecode.c.objc; path = KHLoadingFreshTodayOperation.m; sourceTree = "<group>"; };
		B452A44C19E986F2007F858A /* KHFreshTodayCellFactory.h */ = {isa = PBXFileReference; fileEncoding = 4; lastKnownFileType = sourcecode.c.h; path = KHFreshTodayCellFactory.h; sourceTree = "<group>"; };
		B452A44D19E986F2007F858A /* KHFreshTodayCellFactory.m */ = {isa = PBXFileReference; fileEncoding = 4; lastKnownFileType = sourcecode.c.objc; path = KHFreshTodayCellFactory.m; sourceTree = "<group>"; };
		B452A44F19E988F1007F858A /* KHOrderedDataProvider.h */ = {isa = PBXFileReference; fileEncoding = 4; lastKnownFileType = sourcecode.c.h; path = KHOrderedDataProvider.h; sourceTree = "<group>"; };
		B452A45019E988F1007F858A /* KHOrderedDataProvider.m */ = {isa = PBXFileReference; fileEncoding = 4; lastKnownFileType = sourcecode.c.objc; path = KHOrderedDataProvider.m; sourceTree = "<group>"; };
		B45D6EFA19E501E900BDB1F8 /* KHAwesomeImage.app */ = {isa = PBXFileReference; explicitFileType = wrapper.application; includeInIndex = 0; path = KHAwesomeImage.app; sourceTree = BUILT_PRODUCTS_DIR; };
		B45D6EFE19E501E900BDB1F8 /* Info.plist */ = {isa = PBXFileReference; lastKnownFileType = text.plist.xml; path = Info.plist; sourceTree = "<group>"; };
		B45D6EFF19E501E900BDB1F8 /* main.m */ = {isa = PBXFileReference; lastKnownFileType = sourcecode.c.objc; path = main.m; sourceTree = "<group>"; };
		B45D6F0119E501E900BDB1F8 /* AppDelegate.h */ = {isa = PBXFileReference; lastKnownFileType = sourcecode.c.h; path = AppDelegate.h; sourceTree = "<group>"; };
		B45D6F0219E501E900BDB1F8 /* AppDelegate.m */ = {isa = PBXFileReference; lastKnownFileType = sourcecode.c.objc; path = AppDelegate.m; sourceTree = "<group>"; };
		B45D6F0419E501E900BDB1F8 /* ViewController.h */ = {isa = PBXFileReference; lastKnownFileType = sourcecode.c.h; path = ViewController.h; sourceTree = "<group>"; };
		B45D6F0519E501E900BDB1F8 /* ViewController.m */ = {isa = PBXFileReference; lastKnownFileType = sourcecode.c.objc; path = ViewController.m; sourceTree = "<group>"; };
		B45D6F0819E501E900BDB1F8 /* Base */ = {isa = PBXFileReference; lastKnownFileType = file.storyboard; name = Base; path = Base.lproj/Main.storyboard; sourceTree = "<group>"; };
		B45D6F0A19E501E900BDB1F8 /* Images.xcassets */ = {isa = PBXFileReference; lastKnownFileType = folder.assetcatalog; path = Images.xcassets; sourceTree = "<group>"; };
		B45D6F0D19E501E900BDB1F8 /* Base */ = {isa = PBXFileReference; lastKnownFileType = file.xib; name = Base; path = Base.lproj/LaunchScreen.xib; sourceTree = "<group>"; };
		B45D6F1319E501EA00BDB1F8 /* KHAwesomeImageTests.xctest */ = {isa = PBXFileReference; explicitFileType = wrapper.cfbundle; includeInIndex = 0; path = KHAwesomeImageTests.xctest; sourceTree = BUILT_PRODUCTS_DIR; };
		B45D6F1819E501EA00BDB1F8 /* Info.plist */ = {isa = PBXFileReference; lastKnownFileType = text.plist.xml; path = Info.plist; sourceTree = "<group>"; };
		B45D6F1919E501EA00BDB1F8 /* KHAwesomeImageTests.m */ = {isa = PBXFileReference; lastKnownFileType = sourcecode.c.objc; path = KHAwesomeImageTests.m; sourceTree = "<group>"; };
		B45D6F2E19E50E2100BDB1F8 /* prefix.pch */ = {isa = PBXFileReference; lastKnownFileType = sourcecode.c.h; path = prefix.pch; sourceTree = "<group>"; };
		B45D6F3019E50F0900BDB1F8 /* KHImageTableViewCell.h */ = {isa = PBXFileReference; fileEncoding = 4; lastKnownFileType = sourcecode.c.h; path = KHImageTableViewCell.h; sourceTree = "<group>"; };
		B45D6F3119E50F0900BDB1F8 /* KHImageTableViewCell.m */ = {isa = PBXFileReference; fileEncoding = 4; lastKnownFileType = sourcecode.c.objc; path = KHImageTableViewCell.m; sourceTree = "<group>"; };
		B45D6F3219E50F0900BDB1F8 /* KHImageTableViewCell.xib */ = {isa = PBXFileReference; fileEncoding = 4; lastKnownFileType = file.xib; path = KHImageTableViewCell.xib; sourceTree = "<group>"; };
		B45D6F3319E50F0900BDB1F8 /* KHLoadMoreTableViewCell.h */ = {isa = PBXFileReference; fileEncoding = 4; lastKnownFileType = sourcecode.c.h; path = KHLoadMoreTableViewCell.h; sourceTree = "<group>"; };
		B45D6F3419E50F0900BDB1F8 /* KHLoadMoreTableViewCell.m */ = {isa = PBXFileReference; fileEncoding = 4; lastKnownFileType = sourcecode.c.objc; path = KHLoadMoreTableViewCell.m; sourceTree = "<group>"; };
		B45D6F3519E50F0900BDB1F8 /* KHLoadMoreTableViewCell.xib */ = {isa = PBXFileReference; fileEncoding = 4; lastKnownFileType = file.xib; path = KHLoadMoreTableViewCell.xib; sourceTree = "<group>"; };
		B45D6F3719E50F0900BDB1F8 /* TableController.h */ = {isa = PBXFileReference; fileEncoding = 4; lastKnownFileType = sourcecode.c.h; path = TableController.h; sourceTree = "<group>"; };
		B45D6F3819E50F0900BDB1F8 /* TableController.m */ = {isa = PBXFileReference; fileEncoding = 4; lastKnownFileType = sourcecode.c.objc; path = TableController.m; sourceTree = "<group>"; };
		B45D6F3A19E50F0900BDB1F8 /* CellFactory1.h */ = {isa = PBXFileReference; fileEncoding = 4; lastKnownFileType = sourcecode.c.h; path = CellFactory1.h; sourceTree = "<group>"; };
		B45D6F3B19E50F0900BDB1F8 /* CellFactory1.m */ = {isa = PBXFileReference; fileEncoding = 4; lastKnownFileType = sourcecode.c.objc; path = CellFactory1.m; sourceTree = "<group>"; };
		B45D6F3C19E50F0900BDB1F8 /* KHCellProtocol.h */ = {isa = PBXFileReference; fileEncoding = 4; lastKnownFileType = sourcecode.c.h; path = KHCellProtocol.h; sourceTree = "<group>"; };
		B45D6F3D19E50F0900BDB1F8 /* KHTableViewCellFactoryProtocol.h */ = {isa = PBXFileReference; fileEncoding = 4; lastKnownFileType = sourcecode.c.h; path = KHTableViewCellFactoryProtocol.h; sourceTree = "<group>"; };
		B45D6F3F19E50F0900BDB1F8 /* BasicTableViewModel.h */ = {isa = PBXFileReference; fileEncoding = 4; lastKnownFileType = sourcecode.c.h; path = BasicTableViewModel.h; sourceTree = "<group>"; };
		B45D6F4019E50F0900BDB1F8 /* BasicTableViewModel.m */ = {isa = PBXFileReference; fileEncoding = 4; lastKnownFileType = sourcecode.c.objc; path = BasicTableViewModel.m; sourceTree = "<group>"; };
		B45D6F4119E50F0900BDB1F8 /* KHTableViewModel.h */ = {isa = PBXFileReference; fileEncoding = 4; lastKnownFileType = sourcecode.c.h; path = KHTableViewModel.h; sourceTree = "<group>"; };
		B45D6F4319E50F0900BDB1F8 /* TableViewSectionFactoryProtocol.h */ = {isa = PBXFileReference; fileEncoding = 4; lastKnownFileType = sourcecode.c.h; path = TableViewSectionFactoryProtocol.h; sourceTree = "<group>"; };
		B45D6F4519E50F0900BDB1F8 /* KHBasicSectionModel.h */ = {isa = PBXFileReference; fileEncoding = 4; lastKnownFileType = sourcecode.c.h; path = KHBasicSectionModel.h; sourceTree = "<group>"; };
		B45D6F4619E50F0900BDB1F8 /* KHBasicSectionModel.m */ = {isa = PBXFileReference; fileEncoding = 4; lastKnownFileType = sourcecode.c.objc; path = KHBasicSectionModel.m; sourceTree = "<group>"; };
		B45D6F4719E50F0900BDB1F8 /* KHImageSectionModel.h */ = {isa = PBXFileReference; fileEncoding = 4; lastKnownFileType = sourcecode.c.h; path = KHImageSectionModel.h; sourceTree = "<group>"; };
		B45D6F4819E50F0900BDB1F8 /* KHImageSectionModel.m */ = {isa = PBXFileReference; fileEncoding = 4; lastKnownFileType = sourcecode.c.objc; path = KHImageSectionModel.m; sourceTree = "<group>"; };
		B45D6F4919E50F0900BDB1F8 /* KHLoadMoreSection.h */ = {isa = PBXFileReference; fileEncoding = 4; lastKnownFileType = sourcecode.c.h; path = KHLoadMoreSection.h; sourceTree = "<group>"; };
		B45D6F4A19E50F0900BDB1F8 /* KHLoadMoreSection.m */ = {isa = PBXFileReference; fileEncoding = 4; lastKnownFileType = sourcecode.c.objc; path = KHLoadMoreSection.m; sourceTree = "<group>"; };
		B45D6F4B19E50F0900BDB1F8 /* KHTableViewSectionModel.h */ = {isa = PBXFileReference; fileEncoding = 4; lastKnownFileType = sourcecode.c.h; path = KHTableViewSectionModel.h; sourceTree = "<group>"; };
		B45D6F4E19E50F0900BDB1F8 /* DataLoadingOperation.h */ = {isa = PBXFileReference; fileEncoding = 4; lastKnownFileType = sourcecode.c.h; path = DataLoadingOperation.h; sourceTree = "<group>"; };
		B45D6F4F19E50F0900BDB1F8 /* DataLoadingOperation.m */ = {isa = PBXFileReference; fileEncoding = 4; lastKnownFileType = sourcecode.c.objc; path = DataLoadingOperation.m; sourceTree = "<group>"; };
		B45D6F5019E50F0900BDB1F8 /* DataProvider.h */ = {isa = PBXFileReference; fileEncoding = 4; lastKnownFileType = sourcecode.c.h; path = DataProvider.h; sourceTree = "<group>"; };
		B45D6F5119E50F0900BDB1F8 /* DataProvider.m */ = {isa = PBXFileReference; fileEncoding = 4; lastKnownFileType = sourcecode.c.objc; path = DataProvider.m; sourceTree = "<group>"; };
		B45D6F5219E50F0900BDB1F8 /* KHLoadingOperationProtocol.h */ = {isa = PBXFileReference; fileEncoding = 4; lastKnownFileType = sourcecode.c.h; path = KHLoadingOperationProtocol.h; sourceTree = "<group>"; };
		B45D6F5319E50F0900BDB1F8 /* KHLoadingPopularOperation.h */ = {isa = PBXFileReference; fileEncoding = 4; lastKnownFileType = sourcecode.c.h; path = KHLoadingPopularOperation.h; sourceTree = "<group>"; };
		B45D6F5419E50F0900BDB1F8 /* KHLoadingPopularOperation.m */ = {isa = PBXFileReference; fileEncoding = 4; lastKnownFileType = sourcecode.c.objc; path = KHLoadingPopularOperation.m; sourceTree = "<group>"; };
		B45D6F5519E50F0900BDB1F8 /* KHPopularImagesViewModel.h */ = {isa = PBXFileReference; fileEncoding = 4; lastKnownFileType = sourcecode.c.h; path = KHPopularImagesViewModel.h; sourceTree = "<group>"; };
		B45D6F5619E50F0900BDB1F8 /* KHPopularImagesViewModel.m */ = {isa = PBXFileReference; fileEncoding = 4; lastKnownFileType = sourcecode.c.objc; path = KHPopularImagesViewModel.m; sourceTree = "<group>"; };
		B4BB5E8F19E7949800910164 /* KHLoadingContentTableViewCell.h */ = {isa = PBXFileReference; fileEncoding = 4; lastKnownFileType = sourcecode.c.h; path = KHLoadingContentTableViewCell.h; sourceTree = "<group>"; };
		B4BB5E9019E7949800910164 /* KHLoadingContentTableViewCell.m */ = {isa = PBXFileReference; fileEncoding = 4; lastKnownFileType = sourcecode.c.objc; path = KHLoadingContentTableViewCell.m; sourceTree = "<group>"; };
		B4BB5E9119E7949800910164 /* KHLoadingContentTableViewCell.xib */ = {isa = PBXFileReference; fileEncoding = 4; lastKnownFileType = file.xib; path = KHLoadingContentTableViewCell.xib; sourceTree = "<group>"; };
		B4BB5E9419E79AFB00910164 /* ContentLoadingPopularViewModel.h */ = {isa = PBXFileReference; fileEncoding = 4; lastKnownFileType = sourcecode.c.h; path = ContentLoadingPopularViewModel.h; sourceTree = "<group>"; };
		B4BB5E9519E79AFB00910164 /* ContentLoadingPopularViewModel.m */ = {isa = PBXFileReference; fileEncoding = 4; lastKnownFileType = sourcecode.c.objc; path = ContentLoadingPopularViewModel.m; sourceTree = "<group>"; };
		B4BB5E9719E79B2200910164 /* ContentLoadingProtocol.h */ = {isa = PBXFileReference; fileEncoding = 4; lastKnownFileType = sourcecode.c.h; path = ContentLoadingProtocol.h; sourceTree = "<group>"; };
		B4BB5E9819E79C6800910164 /* HandleContentLoadingProtocol.h */ = {isa = PBXFileReference; fileEncoding = 4; lastKnownFileType = sourcecode.c.h; path = HandleContentLoadingProtocol.h; sourceTree = "<group>"; };
		B4BB5E9C19E7A51B00910164 /* KHLoadingContentErrorTableViewCell.h */ = {isa = PBXFileReference; fileEncoding = 4; lastKnownFileType = sourcecode.c.h; path = KHLoadingContentErrorTableViewCell.h; sourceTree = "<group>"; };
		B4BB5E9D19E7A51B00910164 /* KHLoadingContentErrorTableViewCell.m */ = {isa = PBXFileReference; fileEncoding = 4; lastKnownFileType = sourcecode.c.objc; path = KHLoadingContentErrorTableViewCell.m; sourceTree = "<group>"; };
		B4BB5E9E19E7A51B00910164 /* KHLoadingContentErrorTableViewCell.xib */ = {isa = PBXFileReference; fileEncoding = 4; lastKnownFileType = file.xib; path = KHLoadingContentErrorTableViewCell.xib; sourceTree = "<group>"; };
		B4BB5EA119E7A66F00910164 /* KHLoadingContentErrorViewModel.h */ = {isa = PBXFileReference; fileEncoding = 4; lastKnownFileType = sourcecode.c.h; path = KHLoadingContentErrorViewModel.h; sourceTree = "<group>"; };
		B4BB5EA219E7A66F00910164 /* KHLoadingContentErrorViewModel.m */ = {isa = PBXFileReference; fileEncoding = 4; lastKnownFileType = sourcecode.c.objc; path = KHLoadingContentErrorViewModel.m; sourceTree = "<group>"; };
		F5E48A6AFBE17A3223C17F08 /* Pods-KHAwesomeImage.debug.xcconfig */ = {isa = PBXFileReference; includeInIndex = 1; lastKnownFileType = text.xcconfig; name = "Pods-KHAwesomeImage.debug.xcconfig"; path = "Pods/Target Support Files/Pods-KHAwesomeImage/Pods-KHAwesomeImage.debug.xcconfig"; sourceTree = "<group>"; };
/* End PBXFileReference section */

/* Begin PBXFrameworksBuildPhase section */
		B45D6EF719E501E900BDB1F8 /* Frameworks */ = {
			isa = PBXFrameworksBuildPhase;
			buildActionMask = 2147483647;
			files = (
				ABACC1146976322FAA0189A2 /* libPods-KHAwesomeImage.a in Frameworks */,
			);
			runOnlyForDeploymentPostprocessing = 0;
		};
		B45D6F1019E501EA00BDB1F8 /* Frameworks */ = {
			isa = PBXFrameworksBuildPhase;
			buildActionMask = 2147483647;
			files = (
			);
			runOnlyForDeploymentPostprocessing = 0;
		};
/* End PBXFrameworksBuildPhase section */

/* Begin PBXGroup section */
		6B0CF82858C0BB4E1EA4F34B /* Frameworks */ = {
			isa = PBXGroup;
			children = (
				88BA3E7E96EC95855D524BFE /* libPods-KHAwesomeImage.a */,
			);
			name = Frameworks;
			sourceTree = "<group>";
		};
		8323F32D3ECA6EE3A6594379 /* Pods */ = {
			isa = PBXGroup;
			children = (
				F5E48A6AFBE17A3223C17F08 /* Pods-KHAwesomeImage.debug.xcconfig */,
				64E18B0A4BA00181B98C4D72 /* Pods-KHAwesomeImage.release.xcconfig */,
			);
			name = Pods;
			sourceTree = "<group>";
		};
		B45D6EF119E501E900BDB1F8 = {
			isa = PBXGroup;
			children = (
				B45D6EFC19E501E900BDB1F8 /* KHAwesomeImage */,
				B45D6F1619E501EA00BDB1F8 /* KHAwesomeImageTests */,
				B45D6EFB19E501E900BDB1F8 /* Products */,
				8323F32D3ECA6EE3A6594379 /* Pods */,
				6B0CF82858C0BB4E1EA4F34B /* Frameworks */,
			);
			sourceTree = "<group>";
		};
		B45D6EFB19E501E900BDB1F8 /* Products */ = {
			isa = PBXGroup;
			children = (
				B45D6EFA19E501E900BDB1F8 /* KHAwesomeImage.app */,
				B45D6F1319E501EA00BDB1F8 /* KHAwesomeImageTests.xctest */,
			);
			name = Products;
			sourceTree = "<group>";
		};
		B45D6EFC19E501E900BDB1F8 /* KHAwesomeImage */ = {
			isa = PBXGroup;
			children = (
				B45D6F2F19E50F0900BDB1F8 /* ImageCell */,
				B4BB5E8F19E7949800910164 /* KHLoadingContentTableViewCell.h */,
				B4BB5E9019E7949800910164 /* KHLoadingContentTableViewCell.m */,
				B4BB5E9119E7949800910164 /* KHLoadingContentTableViewCell.xib */,
				B4BB5E9C19E7A51B00910164 /* KHLoadingContentErrorTableViewCell.h */,
				B4BB5E9D19E7A51B00910164 /* KHLoadingContentErrorTableViewCell.m */,
				B4BB5E9E19E7A51B00910164 /* KHLoadingContentErrorTableViewCell.xib */,
				B45D6F3319E50F0900BDB1F8 /* KHLoadMoreTableViewCell.h */,
				B45D6F3419E50F0900BDB1F8 /* KHLoadMoreTableViewCell.m */,
				B45D6F3519E50F0900BDB1F8 /* KHLoadMoreTableViewCell.xib */,
				B45D6F3619E50F0900BDB1F8 /* TableController */,
				B45D6F3919E50F0900BDB1F8 /* TableViewCellFactory */,
				B45D6F3E19E50F0900BDB1F8 /* TableViewModel */,
				B45D6F4219E50F0900BDB1F8 /* TableViewSectionFactory */,
				B45D6F4419E50F0900BDB1F8 /* TableViewSectionModel */,
				B45D6F4C19E50F0900BDB1F8 /* ViewControllers */,
				B45D6F4D19E50F0900BDB1F8 /* ViewModels */,
				B45D6F2E19E50E2100BDB1F8 /* prefix.pch */,
				B45D6F0119E501E900BDB1F8 /* AppDelegate.h */,
				B45D6F0219E501E900BDB1F8 /* AppDelegate.m */,
				B45D6F0419E501E900BDB1F8 /* ViewController.h */,
				B45D6F0519E501E900BDB1F8 /* ViewController.m */,
				B44CFD9419E9237B00DFDC6C /* KHMainViewController.h */,
				B44CFD9519E9237B00DFDC6C /* KHMainViewController.m */,
				B45D6F0719E501E900BDB1F8 /* Main.storyboard */,
				B44CFD9719E9260700DFDC6C /* Popular.storyboard */,
				B452A44319E97764007F858A /* KHFreshTodayImagesViewController.h */,
				B452A44419E97764007F858A /* KHFreshTodayImagesViewController.m */,
				B452A44119E97729007F858A /* FreshToday.storyboard */,
				B45D6F0A19E501E900BDB1F8 /* Images.xcassets */,
				B45D6F0C19E501E900BDB1F8 /* LaunchScreen.xib */,
				B45D6EFD19E501E900BDB1F8 /* Supporting Files */,
				B452A44619E97C7F007F858A /* KHContentLoadingFreshTodayViewModel.h */,
				B452A44719E97C7F007F858A /* KHContentLoadingFreshTodayViewModel.m */,
			);
			path = KHAwesomeImage;
			sourceTree = "<group>";
		};
		B45D6EFD19E501E900BDB1F8 /* Supporting Files */ = {
			isa = PBXGroup;
			children = (
				B45D6EFE19E501E900BDB1F8 /* Info.plist */,
				B45D6EFF19E501E900BDB1F8 /* main.m */,
			);
			name = "Supporting Files";
			sourceTree = "<group>";
		};
		B45D6F1619E501EA00BDB1F8 /* KHAwesomeImageTests */ = {
			isa = PBXGroup;
			children = (
				B45D6F1919E501EA00BDB1F8 /* KHAwesomeImageTests.m */,
				B45D6F1719E501EA00BDB1F8 /* Supporting Files */,
			);
			path = KHAwesomeImageTests;
			sourceTree = "<group>";
		};
		B45D6F1719E501EA00BDB1F8 /* Supporting Files */ = {
			isa = PBXGroup;
			children = (
				B45D6F1819E501EA00BDB1F8 /* Info.plist */,
			);
			name = "Supporting Files";
			sourceTree = "<group>";
		};
		B45D6F2F19E50F0900BDB1F8 /* ImageCell */ = {
			isa = PBXGroup;
			children = (
				B45D6F3019E50F0900BDB1F8 /* KHImageTableViewCell.h */,
				B45D6F3119E50F0900BDB1F8 /* KHImageTableViewCell.m */,
				B45D6F3219E50F0900BDB1F8 /* KHImageTableViewCell.xib */,
			);
			path = ImageCell;
			sourceTree = "<group>";
		};
		B45D6F3619E50F0900BDB1F8 /* TableController */ = {
			isa = PBXGroup;
			children = (
				B45D6F3719E50F0900BDB1F8 /* TableController.h */,
				B45D6F3819E50F0900BDB1F8 /* TableController.m */,
			);
			path = TableController;
			sourceTree = "<group>";
		};
		B45D6F3919E50F0900BDB1F8 /* TableViewCellFactory */ = {
			isa = PBXGroup;
			children = (
				B45D6F3A19E50F0900BDB1F8 /* CellFactory1.h */,
				B45D6F3B19E50F0900BDB1F8 /* CellFactory1.m */,
				B45D6F3C19E50F0900BDB1F8 /* KHCellProtocol.h */,
				B45D6F3D19E50F0900BDB1F8 /* KHTableViewCellFactoryProtocol.h */,
				B452A44C19E986F2007F858A /* KHFreshTodayCellFactory.h */,
				B452A44D19E986F2007F858A /* KHFreshTodayCellFactory.m */,
			);
			path = TableViewCellFactory;
			sourceTree = "<group>";
		};
		B45D6F3E19E50F0900BDB1F8 /* TableViewModel */ = {
			isa = PBXGroup;
			children = (
				B45D6F3F19E50F0900BDB1F8 /* BasicTableViewModel.h */,
				B45D6F4019E50F0900BDB1F8 /* BasicTableViewModel.m */,
				B45D6F4119E50F0900BDB1F8 /* KHTableViewModel.h */,
			);
			path = TableViewModel;
			sourceTree = "<group>";
		};
		B45D6F4219E50F0900BDB1F8 /* TableViewSectionFactory */ = {
			isa = PBXGroup;
			children = (
				B45D6F4319E50F0900BDB1F8 /* TableViewSectionFactoryProtocol.h */,
			);
			path = TableViewSectionFactory;
			sourceTree = "<group>";
		};
		B45D6F4419E50F0900BDB1F8 /* TableViewSectionModel */ = {
			isa = PBXGroup;
			children = (
				B45D6F4519E50F0900BDB1F8 /* KHBasicSectionModel.h */,
				B45D6F4619E50F0900BDB1F8 /* KHBasicSectionModel.m */,
				B45D6F4719E50F0900BDB1F8 /* KHImageSectionModel.h */,
				B45D6F4819E50F0900BDB1F8 /* KHImageSectionModel.m */,
				B45D6F4919E50F0900BDB1F8 /* KHLoadMoreSection.h */,
				B45D6F4A19E50F0900BDB1F8 /* KHLoadMoreSection.m */,
				B45D6F4B19E50F0900BDB1F8 /* KHTableViewSectionModel.h */,
			);
			path = TableViewSectionModel;
			sourceTree = "<group>";
		};
		B45D6F4C19E50F0900BDB1F8 /* ViewControllers */ = {
			isa = PBXGroup;
			children = (
			);
			path = ViewControllers;
			sourceTree = "<group>";
		};
		B45D6F4D19E50F0900BDB1F8 /* ViewModels */ = {
			isa = PBXGroup;
			children = (
				B45D6F4E19E50F0900BDB1F8 /* DataLoadingOperation.h */,
				B45D6F4F19E50F0900BDB1F8 /* DataLoadingOperation.m */,
				B45D6F5019E50F0900BDB1F8 /* DataProvider.h */,
				B45D6F5119E50F0900BDB1F8 /* DataProvider.m */,
				B45D6F5219E50F0900BDB1F8 /* KHLoadingOperationProtocol.h */,
				B45D6F5319E50F0900BDB1F8 /* KHLoadingPopularOperation.h */,
				B45D6F5419E50F0900BDB1F8 /* KHLoadingPopularOperation.m */,
				B45D6F5519E50F0900BDB1F8 /* KHPopularImagesViewModel.h */,
				B45D6F5619E50F0900BDB1F8 /* KHPopularImagesViewModel.m */,
				B4BB5E9419E79AFB00910164 /* ContentLoadingPopularViewModel.h */,
				B4BB5E9519E79AFB00910164 /* ContentLoadingPopularViewModel.m */,
				B4BB5E9719E79B2200910164 /* ContentLoadingProtocol.h */,
				B4BB5E9819E79C6800910164 /* HandleContentLoadingProtocol.h */,
				B4BB5EA119E7A66F00910164 /* KHLoadingContentErrorViewModel.h */,
				B4BB5EA219E7A66F00910164 /* KHLoadingContentErrorViewModel.m */,
				B452A44919E980AB007F858A /* KHLoadingFreshTodayOperation.h */,
				B452A44A19E980AB007F858A /* KHLoadingFreshTodayOperation.m */,
				B452A44F19E988F1007F858A /* KHOrderedDataProvider.h */,
				B452A45019E988F1007F858A /* KHOrderedDataProvider.m */,
			);
			path = ViewModels;
			sourceTree = "<group>";
		};
/* End PBXGroup section */

/* Begin PBXNativeTarget section */
		B45D6EF919E501E900BDB1F8 /* KHAwesomeImage */ = {
			isa = PBXNativeTarget;
			buildConfigurationList = B45D6F1D19E501EA00BDB1F8 /* Build configuration list for PBXNativeTarget "KHAwesomeImage" */;
			buildPhases = (
				45D29AA5569F18B68A654487 /* Check Pods Manifest.lock */,
				B45D6EF619E501E900BDB1F8 /* Sources */,
				B45D6EF719E501E900BDB1F8 /* Frameworks */,
				B45D6EF819E501E900BDB1F8 /* Resources */,
				D06CEFC6377C28877349C775 /* Copy Pods Resources */,
			);
			buildRules = (
			);
			dependencies = (
			);
			name = KHAwesomeImage;
			productName = KHAwesomeImage;
			productReference = B45D6EFA19E501E900BDB1F8 /* KHAwesomeImage.app */;
			productType = "com.apple.product-type.application";
		};
		B45D6F1219E501EA00BDB1F8 /* KHAwesomeImageTests */ = {
			isa = PBXNativeTarget;
			buildConfigurationList = B45D6F2019E501EA00BDB1F8 /* Build configuration list for PBXNativeTarget "KHAwesomeImageTests" */;
			buildPhases = (
				B45D6F0F19E501EA00BDB1F8 /* Sources */,
				B45D6F1019E501EA00BDB1F8 /* Frameworks */,
				B45D6F1119E501EA00BDB1F8 /* Resources */,
			);
			buildRules = (
			);
			dependencies = (
				B45D6F1519E501EA00BDB1F8 /* PBXTargetDependency */,
			);
			name = KHAwesomeImageTests;
			productName = KHAwesomeImageTests;
			productReference = B45D6F1319E501EA00BDB1F8 /* KHAwesomeImageTests.xctest */;
			productType = "com.apple.product-type.bundle.unit-test";
		};
/* End PBXNativeTarget section */

/* Begin PBXProject section */
		B45D6EF219E501E900BDB1F8 /* Project object */ = {
			isa = PBXProject;
			attributes = {
				LastUpgradeCheck = 0600;
				ORGANIZATIONNAME = "Triệu Khang";
				TargetAttributes = {
					B45D6EF919E501E900BDB1F8 = {
						CreatedOnToolsVersion = 6.0.1;
						DevelopmentTeam = ZVV9QVF5VR;
					};
					B45D6F1219E501EA00BDB1F8 = {
						CreatedOnToolsVersion = 6.0.1;
						TestTargetID = B45D6EF919E501E900BDB1F8;
					};
				};
			};
			buildConfigurationList = B45D6EF519E501E900BDB1F8 /* Build configuration list for PBXProject "KHAwesomeImage" */;
			compatibilityVersion = "Xcode 3.2";
			developmentRegion = English;
			hasScannedForEncodings = 0;
			knownRegions = (
				en,
				Base,
			);
			mainGroup = B45D6EF119E501E900BDB1F8;
			productRefGroup = B45D6EFB19E501E900BDB1F8 /* Products */;
			projectDirPath = "";
			projectRoot = "";
			targets = (
				B45D6EF919E501E900BDB1F8 /* KHAwesomeImage */,
				B45D6F1219E501EA00BDB1F8 /* KHAwesomeImageTests */,
			);
		};
/* End PBXProject section */

/* Begin PBXResourcesBuildPhase section */
		B45D6EF819E501E900BDB1F8 /* Resources */ = {
			isa = PBXResourcesBuildPhase;
			buildActionMask = 2147483647;
			files = (
				B45D6F0919E501E900BDB1F8 /* Main.storyboard in Resources */,
				B4BB5E9319E7949800910164 /* KHLoadingContentTableViewCell.xib in Resources */,
				B4BB5EA019E7A51B00910164 /* KHLoadingContentErrorTableViewCell.xib in Resources */,
				B452A44219E97729007F858A /* FreshToday.storyboard in Resources */,
				B45D6F0E19E501E900BDB1F8 /* LaunchScreen.xib in Resources */,
				B44CFD9819E9260700DFDC6C /* Popular.storyboard in Resources */,
				B45D6F5819E50F0900BDB1F8 /* KHImageTableViewCell.xib in Resources */,
				B45D6F5A19E50F0900BDB1F8 /* KHLoadMoreTableViewCell.xib in Resources */,
				B45D6F0B19E501E900BDB1F8 /* Images.xcassets in Resources */,
			);
			runOnlyForDeploymentPostprocessing = 0;
		};
		B45D6F1119E501EA00BDB1F8 /* Resources */ = {
			isa = PBXResourcesBuildPhase;
			buildActionMask = 2147483647;
			files = (
			);
			runOnlyForDeploymentPostprocessing = 0;
		};
/* End PBXResourcesBuildPhase section */

/* Begin PBXShellScriptBuildPhase section */
		45D29AA5569F18B68A654487 /* Check Pods Manifest.lock */ = {
			isa = PBXShellScriptBuildPhase;
			buildActionMask = 2147483647;
			files = (
			);
			inputPaths = (
			);
			name = "Check Pods Manifest.lock";
			outputPaths = (
			);
			runOnlyForDeploymentPostprocessing = 0;
			shellPath = /bin/sh;
			shellScript = "diff \"${PODS_ROOT}/../Podfile.lock\" \"${PODS_ROOT}/Manifest.lock\" > /dev/null\nif [[ $? != 0 ]] ; then\n    cat << EOM\nerror: The sandbox is not in sync with the Podfile.lock. Run 'pod install' or update your CocoaPods installation.\nEOM\n    exit 1\nfi\n";
			showEnvVarsInLog = 0;
		};
		D06CEFC6377C28877349C775 /* Copy Pods Resources */ = {
			isa = PBXShellScriptBuildPhase;
			buildActionMask = 2147483647;
			files = (
			);
			inputPaths = (
			);
			name = "Copy Pods Resources";
			outputPaths = (
			);
			runOnlyForDeploymentPostprocessing = 0;
			shellPath = /bin/sh;
			shellScript = "\"${SRCROOT}/Pods/Target Support Files/Pods-KHAwesomeImage/Pods-KHAwesomeImage-resources.sh\"\n";
			showEnvVarsInLog = 0;
		};
/* End PBXShellScriptBuildPhase section */

/* Begin PBXSourcesBuildPhase section */
		B45D6EF619E501E900BDB1F8 /* Sources */ = {
			isa = PBXSourcesBuildPhase;
			buildActionMask = 2147483647;
			files = (
				B44CFD9619E9237B00DFDC6C /* KHMainViewController.m in Sources */,
				B45D6F6219E50F0900BDB1F8 /* DataProvider.m in Sources */,
				B45D6F6019E50F0900BDB1F8 /* KHLoadMoreSection.m in Sources */,
				B452A44819E97C7F007F858A /* KHContentLoadingFreshTodayViewModel.m in Sources */,
				B4BB5E9F19E7A51B00910164 /* KHLoadingContentErrorTableViewCell.m in Sources */,
				B45D6F6419E50F0900BDB1F8 /* KHPopularImagesViewModel.m in Sources */,
				B4BB5E9619E79AFB00910164 /* ContentLoadingPopularViewModel.m in Sources */,
				B452A45119E988F1007F858A /* KHOrderedDataProvider.m in Sources */,
				B45D6F5B19E50F0900BDB1F8 /* TableController.m in Sources */,
				B45D6F0619E501E900BDB1F8 /* ViewController.m in Sources */,
				B45D6F5E19E50F0900BDB1F8 /* KHBasicSectionModel.m in Sources */,
				B45D6F5C19E50F0900BDB1F8 /* CellFactory1.m in Sources */,
				B452A44519E97764007F858A /* KHFreshTodayImagesViewController.m in Sources */,
				B45D6F0319E501E900BDB1F8 /* AppDelegate.m in Sources */,
				B452A44B19E980AB007F858A /* KHLoadingFreshTodayOperation.m in Sources */,
				B45D6F6119E50F0900BDB1F8 /* DataLoadingOperation.m in Sources */,
				B4BB5E9219E7949800910164 /* KHLoadingContentTableViewCell.m in Sources */,
				B452A44E19E986F2007F858A /* KHFreshTodayCellFactory.m in Sources */,
				B45D6F5919E50F0900BDB1F8 /* KHLoadMoreTableViewCell.m in Sources */,
				B4BB5EA319E7A66F00910164 /* KHLoadingContentErrorViewModel.m in Sources */,
				B45D6F6319E50F0900BDB1F8 /* KHLoadingPopularOperation.m in Sources */,
				B45D6F5F19E50F0900BDB1F8 /* KHImageSectionModel.m in Sources */,
				B45D6F5719E50F0900BDB1F8 /* KHImageTableViewCell.m in Sources */,
				B45D6F5D19E50F0900BDB1F8 /* BasicTableViewModel.m in Sources */,
				B45D6F0019E501E900BDB1F8 /* main.m in Sources */,
			);
			runOnlyForDeploymentPostprocessing = 0;
		};
		B45D6F0F19E501EA00BDB1F8 /* Sources */ = {
			isa = PBXSourcesBuildPhase;
			buildActionMask = 2147483647;
			files = (
				B45D6F1A19E501EA00BDB1F8 /* KHAwesomeImageTests.m in Sources */,
			);
			runOnlyForDeploymentPostprocessing = 0;
		};
/* End PBXSourcesBuildPhase section */

/* Begin PBXTargetDependency section */
		B45D6F1519E501EA00BDB1F8 /* PBXTargetDependency */ = {
			isa = PBXTargetDependency;
			target = B45D6EF919E501E900BDB1F8 /* KHAwesomeImage */;
			targetProxy = B45D6F1419E501EA00BDB1F8 /* PBXContainerItemProxy */;
		};
/* End PBXTargetDependency section */

/* Begin PBXVariantGroup section */
		B45D6F0719E501E900BDB1F8 /* Main.storyboard */ = {
			isa = PBXVariantGroup;
			children = (
				B45D6F0819E501E900BDB1F8 /* Base */,
			);
			name = Main.storyboard;
			sourceTree = "<group>";
		};
		B45D6F0C19E501E900BDB1F8 /* LaunchScreen.xib */ = {
			isa = PBXVariantGroup;
			children = (
				B45D6F0D19E501E900BDB1F8 /* Base */,
			);
			name = LaunchScreen.xib;
			sourceTree = "<group>";
		};
/* End PBXVariantGroup section */

/* Begin XCBuildConfiguration section */
		B45D6F1B19E501EA00BDB1F8 /* Debug */ = {
			isa = XCBuildConfiguration;
			buildSettings = {
				ALWAYS_SEARCH_USER_PATHS = NO;
				CLANG_CXX_LANGUAGE_STANDARD = "gnu++0x";
				CLANG_CXX_LIBRARY = "libc++";
				CLANG_ENABLE_MODULES = YES;
				CLANG_ENABLE_OBJC_ARC = YES;
				CLANG_WARN_BOOL_CONVERSION = YES;
				CLANG_WARN_CONSTANT_CONVERSION = YES;
				CLANG_WARN_DIRECT_OBJC_ISA_USAGE = YES_ERROR;
				CLANG_WARN_EMPTY_BODY = YES;
				CLANG_WARN_ENUM_CONVERSION = YES;
				CLANG_WARN_INT_CONVERSION = YES;
				CLANG_WARN_OBJC_ROOT_CLASS = YES_ERROR;
				CLANG_WARN_UNREACHABLE_CODE = YES;
				CLANG_WARN__DUPLICATE_METHOD_MATCH = YES;
				"CODE_SIGN_IDENTITY[sdk=iphoneos*]" = "iPhone Developer";
				COPY_PHASE_STRIP = NO;
				ENABLE_STRICT_OBJC_MSGSEND = YES;
				GCC_C_LANGUAGE_STANDARD = gnu99;
				GCC_DYNAMIC_NO_PIC = NO;
				GCC_OPTIMIZATION_LEVEL = 0;
				GCC_PREPROCESSOR_DEFINITIONS = (
					"DEBUG=1",
					"$(inherited)",
				);
				GCC_SYMBOLS_PRIVATE_EXTERN = NO;
				GCC_WARN_64_TO_32_BIT_CONVERSION = YES;
				GCC_WARN_ABOUT_RETURN_TYPE = YES_ERROR;
				GCC_WARN_UNDECLARED_SELECTOR = YES;
				GCC_WARN_UNINITIALIZED_AUTOS = YES_AGGRESSIVE;
				GCC_WARN_UNUSED_FUNCTION = YES;
				GCC_WARN_UNUSED_VARIABLE = YES;
				IPHONEOS_DEPLOYMENT_TARGET = 8.0;
				MTL_ENABLE_DEBUG_INFO = YES;
				ONLY_ACTIVE_ARCH = YES;
				SDKROOT = iphoneos;
			};
			name = Debug;
		};
		B45D6F1C19E501EA00BDB1F8 /* Release */ = {
			isa = XCBuildConfiguration;
			buildSettings = {
				ALWAYS_SEARCH_USER_PATHS = NO;
				CLANG_CXX_LANGUAGE_STANDARD = "gnu++0x";
				CLANG_CXX_LIBRARY = "libc++";
				CLANG_ENABLE_MODULES = YES;
				CLANG_ENABLE_OBJC_ARC = YES;
				CLANG_WARN_BOOL_CONVERSION = YES;
				CLANG_WARN_CONSTANT_CONVERSION = YES;
				CLANG_WARN_DIRECT_OBJC_ISA_USAGE = YES_ERROR;
				CLANG_WARN_EMPTY_BODY = YES;
				CLANG_WARN_ENUM_CONVERSION = YES;
				CLANG_WARN_INT_CONVERSION = YES;
				CLANG_WARN_OBJC_ROOT_CLASS = YES_ERROR;
				CLANG_WARN_UNREACHABLE_CODE = YES;
				CLANG_WARN__DUPLICATE_METHOD_MATCH = YES;
				"CODE_SIGN_IDENTITY[sdk=iphoneos*]" = "iPhone Developer";
				COPY_PHASE_STRIP = YES;
				ENABLE_NS_ASSERTIONS = NO;
				ENABLE_STRICT_OBJC_MSGSEND = YES;
				GCC_C_LANGUAGE_STANDARD = gnu99;
				GCC_WARN_64_TO_32_BIT_CONVERSION = YES;
				GCC_WARN_ABOUT_RETURN_TYPE = YES_ERROR;
				GCC_WARN_UNDECLARED_SELECTOR = YES;
				GCC_WARN_UNINITIALIZED_AUTOS = YES_AGGRESSIVE;
				GCC_WARN_UNUSED_FUNCTION = YES;
				GCC_WARN_UNUSED_VARIABLE = YES;
				IPHONEOS_DEPLOYMENT_TARGET = 8.0;
				MTL_ENABLE_DEBUG_INFO = NO;
				SDKROOT = iphoneos;
				VALIDATE_PRODUCT = YES;
			};
			name = Release;
		};
		B45D6F1E19E501EA00BDB1F8 /* Debug */ = {
			isa = XCBuildConfiguration;
			baseConfigurationReference = F5E48A6AFBE17A3223C17F08 /* Pods-KHAwesomeImage.debug.xcconfig */;
			buildSettings = {
				ASSETCATALOG_COMPILER_APPICON_NAME = AppIcon;
				CODE_SIGN_IDENTITY = "iPhone Developer";
				GCC_PREFIX_HEADER = KHAwesomeImage/prefix.pch;
				INFOPLIST_FILE = KHAwesomeImage/Info.plist;
				LD_RUNPATH_SEARCH_PATHS = "$(inherited) @executable_path/Frameworks";
				PRODUCT_NAME = "$(TARGET_NAME)";
			};
			name = Debug;
		};
		B45D6F1F19E501EA00BDB1F8 /* Release */ = {
			isa = XCBuildConfiguration;
			baseConfigurationReference = 64E18B0A4BA00181B98C4D72 /* Pods-KHAwesomeImage.release.xcconfig */;
			buildSettings = {
				ASSETCATALOG_COMPILER_APPICON_NAME = AppIcon;
				CODE_SIGN_IDENTITY = "iPhone Developer";
				GCC_PREFIX_HEADER = KHAwesomeImage/prefix.pch;
				INFOPLIST_FILE = KHAwesomeImage/Info.plist;
				LD_RUNPATH_SEARCH_PATHS = "$(inherited) @executable_path/Frameworks";
				PRODUCT_NAME = "$(TARGET_NAME)";
			};
			name = Release;
		};
		B45D6F2119E501EA00BDB1F8 /* Debug */ = {
			isa = XCBuildConfiguration;
			buildSettings = {
				BUNDLE_LOADER = "$(TEST_HOST)";
				FRAMEWORK_SEARCH_PATHS = (
					"$(SDKROOT)/Developer/Library/Frameworks",
					"$(inherited)",
				);
				GCC_PREPROCESSOR_DEFINITIONS = (
					"DEBUG=1",
					"$(inherited)",
				);
				INFOPLIST_FILE = KHAwesomeImageTests/Info.plist;
				LD_RUNPATH_SEARCH_PATHS = "$(inherited) @executable_path/Frameworks @loader_path/Frameworks";
				PRODUCT_NAME = "$(TARGET_NAME)";
				TEST_HOST = "$(BUILT_PRODUCTS_DIR)/KHAwesomeImage.app/KHAwesomeImage";
			};
			name = Debug;
		};
		B45D6F2219E501EA00BDB1F8 /* Release */ = {
			isa = XCBuildConfiguration;
			buildSettings = {
				BUNDLE_LOADER = "$(TEST_HOST)";
				FRAMEWORK_SEARCH_PATHS = (
					"$(SDKROOT)/Developer/Library/Frameworks",
					"$(inherited)",
				);
				INFOPLIST_FILE = KHAwesomeImageTests/Info.plist;
				LD_RUNPATH_SEARCH_PATHS = "$(inherited) @executable_path/Frameworks @loader_path/Frameworks";
				PRODUCT_NAME = "$(TARGET_NAME)";
				TEST_HOST = "$(BUILT_PRODUCTS_DIR)/KHAwesomeImage.app/KHAwesomeImage";
			};
			name = Release;
		};
/* End XCBuildConfiguration section */

/* Begin XCConfigurationList section */
		B45D6EF519E501E900BDB1F8 /* Build configuration list for PBXProject "KHAwesomeImage" */ = {
			isa = XCConfigurationList;
			buildConfigurations = (
				B45D6F1B19E501EA00BDB1F8 /* Debug */,
				B45D6F1C19E501EA00BDB1F8 /* Release */,
			);
			defaultConfigurationIsVisible = 0;
			defaultConfigurationName = Release;
		};
		B45D6F1D19E501EA00BDB1F8 /* Build configuration list for PBXNativeTarget "KHAwesomeImage" */ = {
			isa = XCConfigurationList;
			buildConfigurations = (
				B45D6F1E19E501EA00BDB1F8 /* Debug */,
				B45D6F1F19E501EA00BDB1F8 /* Release */,
			);
			defaultConfigurationIsVisible = 0;
			defaultConfigurationName = Release;
		};
		B45D6F2019E501EA00BDB1F8 /* Build configuration list for PBXNativeTarget "KHAwesomeImageTests" */ = {
			isa = XCConfigurationList;
			buildConfigurations = (
				B45D6F2119E501EA00BDB1F8 /* Debug */,
				B45D6F2219E501EA00BDB1F8 /* Release */,
			);
			defaultConfigurationIsVisible = 0;
			defaultConfigurationName = Release;
		};
/* End XCConfigurationList section */
	};
	rootObject = B45D6EF219E501E900BDB1F8 /* Project object */;
}
